
Microsoft Visual Studio Solution File, Format Version 12.00
# Visual Studio Version 16
VisualStudioVersion = 16.0.29020.237
MinimumVisualStudioVersion = 10.0.40219.1
Project("{2150E333-8FDC-42A3-9474-1A3956D46DE8}") = "ArduCopter", "ArduCopter", "{76CFF795-BA6E-454B-A95E-59D286EC458F}"
	ProjectSection(SolutionItems) = preProject
		ArduCopter\afs_copter.cpp = ArduCopter\afs_copter.cpp
		ArduCopter\afs_copter.h = ArduCopter\afs_copter.h
		ArduCopter\AP_Arming.cpp = ArduCopter\AP_Arming.cpp
		ArduCopter\AP_Arming.h = ArduCopter\AP_Arming.h
		ArduCopter\AP_Rally.cpp = ArduCopter\AP_Rally.cpp
		ArduCopter\AP_Rally.h = ArduCopter\AP_Rally.h
		ArduCopter\AP_State.cpp = ArduCopter\AP_State.cpp
		ArduCopter\APM_Config.h = ArduCopter\APM_Config.h
		ArduCopter\APM_Config_mavlink_hil.h = ArduCopter\APM_Config_mavlink_hil.h
		ArduCopter\ArduCopter.cpp = ArduCopter\ArduCopter.cpp
		ArduCopter\Attitude.cpp = ArduCopter\Attitude.cpp
		ArduCopter\autoyaw.cpp = ArduCopter\autoyaw.cpp
		ArduCopter\avoidance_adsb.cpp = ArduCopter\avoidance_adsb.cpp
		ArduCopter\avoidance_adsb.h = ArduCopter\avoidance_adsb.h
		ArduCopter\baro_ground_effect.cpp = ArduCopter\baro_ground_effect.cpp
		ArduCopter\capabilities.cpp = ArduCopter\capabilities.cpp
		ArduCopter\commands.cpp = ArduCopter\commands.cpp
		ArduCopter\compassmot.cpp = ArduCopter\compassmot.cpp
		ArduCopter\config.h = ArduCopter\config.h
		ArduCopter\Copter.cpp = ArduCopter\Copter.cpp
		ArduCopter\Copter.h = ArduCopter\Copter.h
		ArduCopter\crash_check.cpp = ArduCopter\crash_check.cpp
		ArduCopter\defines.h = ArduCopter\defines.h
		ArduCopter\ekf_check.cpp = ArduCopter\ekf_check.cpp
		ArduCopter\esc_calibration.cpp = ArduCopter\esc_calibration.cpp
		ArduCopter\events.cpp = ArduCopter\events.cpp
		ArduCopter\failsafe.cpp = ArduCopter\failsafe.cpp
		ArduCopter\fence.cpp = ArduCopter\fence.cpp
		ArduCopter\GCS_Copter.h = ArduCopter\GCS_Copter.h
		ArduCopter\GCS_Mavlink.cpp = ArduCopter\GCS_Mavlink.cpp
		ArduCopter\GCS_Mavlink.h = ArduCopter\GCS_Mavlink.h
		ArduCopter\heli.cpp = ArduCopter\heli.cpp
		ArduCopter\inertia.cpp = ArduCopter\inertia.cpp
		ArduCopter\land_detector.cpp = ArduCopter\land_detector.cpp
		ArduCopter\landing_gear.cpp = ArduCopter\landing_gear.cpp
		ArduCopter\leds.cpp = ArduCopter\leds.cpp
		ArduCopter\Log.cpp = ArduCopter\Log.cpp
		ArduCopter\make.inc = ArduCopter\make.inc
		ArduCopter\Makefile = ArduCopter\Makefile
		ArduCopter\Makefile.waf = ArduCopter\Makefile.waf
		ArduCopter\mode.cpp = ArduCopter\mode.cpp
		ArduCopter\mode.h = ArduCopter\mode.h
		ArduCopter\mode_acro.cpp = ArduCopter\mode_acro.cpp
		ArduCopter\mode_acro_heli.cpp = ArduCopter\mode_acro_heli.cpp
		ArduCopter\mode_althold.cpp = ArduCopter\mode_althold.cpp
		ArduCopter\mode_auto.cpp = ArduCopter\mode_auto.cpp
		ArduCopter\mode_autotune.cpp = ArduCopter\mode_autotune.cpp
		ArduCopter\mode_avoid_adsb.cpp = ArduCopter\mode_avoid_adsb.cpp
		ArduCopter\mode_brake.cpp = ArduCopter\mode_brake.cpp
		ArduCopter\mode_circle.cpp = ArduCopter\mode_circle.cpp
		ArduCopter\mode_drift.cpp = ArduCopter\mode_drift.cpp
		ArduCopter\mode_flip.cpp = ArduCopter\mode_flip.cpp
		ArduCopter\mode_flowhold.cpp = ArduCopter\mode_flowhold.cpp
		ArduCopter\mode_follow.cpp = ArduCopter\mode_follow.cpp
		ArduCopter\mode_guided.cpp = ArduCopter\mode_guided.cpp
		ArduCopter\mode_guided_nogps.cpp = ArduCopter\mode_guided_nogps.cpp
		ArduCopter\mode_land.cpp = ArduCopter\mode_land.cpp
		ArduCopter\mode_loiter.cpp = ArduCopter\mode_loiter.cpp
		ArduCopter\mode_poshold.cpp = ArduCopter\mode_poshold.cpp
		ArduCopter\mode_rtl.cpp = ArduCopter\mode_rtl.cpp
		ArduCopter\mode_smart_rtl.cpp = ArduCopter\mode_smart_rtl.cpp
		ArduCopter\mode_sport.cpp = ArduCopter\mode_sport.cpp
		ArduCopter\mode_stabilize.cpp = ArduCopter\mode_stabilize.cpp
		ArduCopter\mode_stabilize_heli.cpp = ArduCopter\mode_stabilize_heli.cpp
		ArduCopter\mode_throw.cpp = ArduCopter\mode_throw.cpp
		ArduCopter\motor_test.cpp = ArduCopter\motor_test.cpp
		ArduCopter\motors.cpp = ArduCopter\motors.cpp
		ArduCopter\navigation.cpp = ArduCopter\navigation.cpp
		ArduCopter\Parameters.cpp = ArduCopter\Parameters.cpp
		ArduCopter\Parameters.h = ArduCopter\Parameters.h
		ArduCopter\position_vector.cpp = ArduCopter\position_vector.cpp
		ArduCopter\precision_landing.cpp = ArduCopter\precision_landing.cpp
		ArduCopter\radio.cpp = ArduCopter\radio.cpp
		ArduCopter\ReleaseNotes.txt = ArduCopter\ReleaseNotes.txt
		ArduCopter\sensors.cpp = ArduCopter\sensors.cpp
		ArduCopter\setup.cpp = ArduCopter\setup.cpp
		ArduCopter\switches.cpp = ArduCopter\switches.cpp
		ArduCopter\system.cpp = ArduCopter\system.cpp
		ArduCopter\takeoff.cpp = ArduCopter\takeoff.cpp
		ArduCopter\terrain.cpp = ArduCopter\terrain.cpp
		ArduCopter\toy_mode.cpp = ArduCopter\toy_mode.cpp
		ArduCopter\toy_mode.h = ArduCopter\toy_mode.h
		ArduCopter\tuning.cpp = ArduCopter\tuning.cpp
		ArduCopter\UserCode.cpp = ArduCopter\UserCode.cpp
		ArduCopter\UserVariables.h = ArduCopter\UserVariables.h
		ArduCopter\version.cpp = ArduCopter\version.cpp
		ArduCopter\version.h = ArduCopter\version.h
		ArduCopter\wscript = ArduCopter\wscript
	EndProjectSection
EndProject
Global
	GlobalSection(SolutionProperties) = preSolution
		HideSolutionNode = FALSE
	EndGlobalSection
	GlobalSection(ExtensibilityGlobals) = postSolution
		SolutionGuid = {C22DAA82-7F9A-403A-89C0-60FE780E3A9C}
	EndGlobalSection
EndGlobal
